
Microsoft Visual Studio Solution File, Format Version 12.00
# Visual Studio Version 17
VisualStudioVersion = 17.10.35027.167
MinimumVisualStudioVersion = 10.0.40219.1
Project("{FAE04EC0-301F-11D3-BF4B-00C04F79EFBC}") = "FOR_Ejercicio9", "FOR_Ejercicio9\FOR_Ejercicio9.csproj", "{CF8C4B25-7957-4547-8954-B5823CE28022}"
EndProject
Global
	GlobalSection(SolutionConfigurationPlatforms) = preSolution
		Debug|Any CPU = Debug|Any CPU
		Release|Any CPU = Release|Any CPU
	EndGlobalSection
	GlobalSection(ProjectConfigurationPlatforms) = postSolution
		{CF8C4B25-7957-4547-8954-B5823CE28022}.Debug|Any CPU.ActiveCfg = Debug|Any CPU
		{CF8C4B25-7957-4547-8954-B5823CE28022}.Debug|Any CPU.Build.0 = Debug|Any CPU
		{CF8C4B25-7957-4547-8954-B5823CE28022}.Release|Any CPU.ActiveCfg = Release|Any CPU
		{CF8C4B25-7957-4547-8954-B5823CE28022}.Release|Any CPU.Build.0 = Release|Any CPU
	EndGlobalSection
	GlobalSection(SolutionProperties) = preSolution
		HideSolutionNode = FALSE
	EndGlobalSection
	GlobalSection(ExtensibilityGlobals) = postSolution
		SolutionGuid = {E6066CA4-9A6D-45C2-B72C-49BD40C59798}
	EndGlobalSection
EndGlobal
